// !$*UTF8*$!
{
	archiveVersion = 1;
	classes = {
	};
	objectVersion = 56;
	objects = {

/* Begin PBXBuildFile section */
		409B93D92ACBCA03004CCF0A /* AppDelegate.swift in Sources */ = {isa = PBXBuildFile; fileRef = 409B93D82ACBCA03004CCF0A /* AppDelegate.swift */; };
		409B93DB2ACBCA03004CCF0A /* SceneDelegate.swift in Sources */ = {isa = PBXBuildFile; fileRef = 409B93DA2ACBCA03004CCF0A /* SceneDelegate.swift */; };
		409B93DD2ACBCA03004CCF0A /* ViewController.swift in Sources */ = {isa = PBXBuildFile; fileRef = 409B93DC2ACBCA03004CCF0A /* ViewController.swift */; };
		409B93E02ACBCA03004CCF0A /* Main.storyboard in Resources */ = {isa = PBXBuildFile; fileRef = 409B93DE2ACBCA03004CCF0A /* Main.storyboard */; };
		409B93E22ACBCA04004CCF0A /* Assets.xcassets in Resources */ = {isa = PBXBuildFile; fileRef = 409B93E12ACBCA04004CCF0A /* Assets.xcassets */; };
		409B93E52ACBCA04004CCF0A /* LaunchScreen.storyboard in Resources */ = {isa = PBXBuildFile; fileRef = 409B93E32ACBCA04004CCF0A /* LaunchScreen.storyboard */; };
		409B93F02ACC424B004CCF0A /* Place.swift in Sources */ = {isa = PBXBuildFile; fileRef = 409B93EF2ACC424B004CCF0A /* Place.swift */; };
		409B93F22ACC4291004CCF0A /* PlaceViewModel.swift in Sources */ = {isa = PBXBuildFile; fileRef = 409B93F12ACC4291004CCF0A /* PlaceViewModel.swift */; };
		409B93F52ACC5A5D004CCF0A /* BottomSheetViewController.swift in Sources */ = {isa = PBXBuildFile; fileRef = 409B93F42ACC5A5D004CCF0A /* BottomSheetViewController.swift */; };
		409B94212ACEFF7C004CCF0A /* LaunchScreen.png in Resources */ = {isa = PBXBuildFile; fileRef = 409B94202ACEFF7C004CCF0A /* LaunchScreen.png */; };
		40A981172AD92187003917F8 /* GoogleService-Info.plist in Resources */ = {isa = PBXBuildFile; fileRef = 40A981162AD92186003917F8 /* GoogleService-Info.plist */; };
		40BB6F382AD98762000C04EE /* TournamentViewController.swift in Sources */ = {isa = PBXBuildFile; fileRef = 40BB6F372AD98762000C04EE /* TournamentViewController.swift */; };
/* End PBXBuildFile section */

/* Begin PBXFileReference section */
		409B93D52ACBCA03004CCF0A /* MatWarrior.app */ = {isa = PBXFileReference; explicitFileType = wrapper.application; includeInIndex = 0; path = MatWarrior.app; sourceTree = BUILT_PRODUCTS_DIR; };
		409B93D82ACBCA03004CCF0A /* AppDelegate.swift */ = {isa = PBXFileReference; lastKnownFileType = sourcecode.swift; path = AppDelegate.swift; sourceTree = "<group>"; };
		409B93DA2ACBCA03004CCF0A /* SceneDelegate.swift */ = {isa = PBXFileReference; lastKnownFileType = sourcecode.swift; path = SceneDelegate.swift; sourceTree = "<group>"; };
		409B93DC2ACBCA03004CCF0A /* ViewController.swift */ = {isa = PBXFileReference; lastKnownFileType = sourcecode.swift; path = ViewController.swift; sourceTree = "<group>"; };
		409B93DF2ACBCA03004CCF0A /* Base */ = {isa = PBXFileReference; lastKnownFileType = file.storyboard; name = Base; path = Base.lproj/Main.storyboard; sourceTree = "<group>"; };
		409B93E12ACBCA04004CCF0A /* Assets.xcassets */ = {isa = PBXFileReference; lastKnownFileType = folder.assetcatalog; path = Assets.xcassets; sourceTree = "<group>"; };
		409B93E42ACBCA04004CCF0A /* Base */ = {isa = PBXFileReference; lastKnownFileType = file.storyboard; name = Base; path = Base.lproj/LaunchScreen.storyboard; sourceTree = "<group>"; };
		409B93E62ACBCA04004CCF0A /* Info.plist */ = {isa = PBXFileReference; lastKnownFileType = text.plist.xml; path = Info.plist; sourceTree = "<group>"; };
		409B93EF2ACC424B004CCF0A /* Place.swift */ = {isa = PBXFileReference; lastKnownFileType = sourcecode.swift; path = Place.swift; sourceTree = "<group>"; };
		409B93F12ACC4291004CCF0A /* PlaceViewModel.swift */ = {isa = PBXFileReference; lastKnownFileType = sourcecode.swift; path = PlaceViewModel.swift; sourceTree = "<group>"; };
		409B93F42ACC5A5D004CCF0A /* BottomSheetViewController.swift */ = {isa = PBXFileReference; lastKnownFileType = sourcecode.swift; path = BottomSheetViewController.swift; sourceTree = "<group>"; };
		409B94202ACEFF7C004CCF0A /* LaunchScreen.png */ = {isa = PBXFileReference; lastKnownFileType = image.png; path = LaunchScreen.png; sourceTree = "<group>"; };
		40A981162AD92186003917F8 /* GoogleService-Info.plist */ = {isa = PBXFileReference; fileEncoding = 4; lastKnownFileType = text.plist.xml; path = "GoogleService-Info.plist"; sourceTree = "<group>"; };
		40BB6F372AD98762000C04EE /* TournamentViewController.swift */ = {isa = PBXFileReference; lastKnownFileType = sourcecode.swift; path = TournamentViewController.swift; sourceTree = "<group>"; };
		6713A2F04621379B458EB0D4 /* Pods-MatWarrior.release.xcconfig */ = {isa = PBXFileReference; includeInIndex = 1; lastKnownFileType = text.xcconfig; name = "Pods-MatWarrior.release.xcconfig"; path = "Target Support Files/Pods-MatWarrior/Pods-MatWarrior.release.xcconfig"; sourceTree = "<group>"; };
		B041AEFCDC77152EBAFFB845 /* Pods-MatWarrior.debug.xcconfig */ = {isa = PBXFileReference; includeInIndex = 1; lastKnownFileType = text.xcconfig; name = "Pods-MatWarrior.debug.xcconfig"; path = "Target Support Files/Pods-MatWarrior/Pods-MatWarrior.debug.xcconfig"; sourceTree = "<group>"; };
/* End PBXFileReference section */

/* Begin PBXFrameworksBuildPhase section */
		409B93D22ACBCA03004CCF0A /* Frameworks */ = {
			isa = PBXFrameworksBuildPhase;
			buildActionMask = 2147483647;
			files = (
			);
			runOnlyForDeploymentPostprocessing = 0;
		};
/* End PBXFrameworksBuildPhase section */

/* Begin PBXGroup section */
		409B93CC2ACBCA03004CCF0A = {
			isa = PBXGroup;
			children = (
				409B93D72ACBCA03004CCF0A /* MatWarrior */,
				409B93D62ACBCA03004CCF0A /* Products */,
				7FB00981B965E4B36FE534A7 /* Pods */,
				8B7A138671784420E5D798D4 /* Frameworks */,
			);
			sourceTree = "<group>";
		};
		409B93D62ACBCA03004CCF0A /* Products */ = {
			isa = PBXGroup;
			children = (
				409B93D52ACBCA03004CCF0A /* MatWarrior.app */,
			);
			name = Products;
			sourceTree = "<group>";
		};
		409B93D72ACBCA03004CCF0A /* MatWarrior */ = {
			isa = PBXGroup;
			children = (
				409B941A2ACDFD75004CCF0A /* Resources */,
				409B93EE2ACC4222004CCF0A /* Views */,
				409B93ED2ACC4218004CCF0A /* ViewModels */,
				409B93EC2ACC420F004CCF0A /* Models */,
				409B93D82ACBCA03004CCF0A /* AppDelegate.swift */,
				409B93DA2ACBCA03004CCF0A /* SceneDelegate.swift */,
				409B93E12ACBCA04004CCF0A /* Assets.xcassets */,
				409B93E32ACBCA04004CCF0A /* LaunchScreen.storyboard */,
				409B93E62ACBCA04004CCF0A /* Info.plist */,
				40A981162AD92186003917F8 /* GoogleService-Info.plist */,
			);
			path = MatWarrior;
			sourceTree = "<group>";
		};
		409B93EC2ACC420F004CCF0A /* Models */ = {
			isa = PBXGroup;
			children = (
				409B93EF2ACC424B004CCF0A /* Place.swift */,
			);
			path = Models;
			sourceTree = "<group>";
		};
		409B93ED2ACC4218004CCF0A /* ViewModels */ = {
			isa = PBXGroup;
			children = (
				409B93F12ACC4291004CCF0A /* PlaceViewModel.swift */,
			);
			path = ViewModels;
			sourceTree = "<group>";
		};
		409B93EE2ACC4222004CCF0A /* Views */ = {
			isa = PBXGroup;
			children = (
				409B93F32ACC4579004CCF0A /* Main */,
			);
			path = Views;
			sourceTree = "<group>";
		};
		409B93F32ACC4579004CCF0A /* Main */ = {
			isa = PBXGroup;
			children = (
				409B93DE2ACBCA03004CCF0A /* Main.storyboard */,
				409B93DC2ACBCA03004CCF0A /* ViewController.swift */,
				409B93F42ACC5A5D004CCF0A /* BottomSheetViewController.swift */,
				40BB6F372AD98762000C04EE /* TournamentViewController.swift */,
			);
			path = Main;
			sourceTree = "<group>";
		};
		409B941A2ACDFD75004CCF0A /* Resources */ = {
			isa = PBXGroup;
			children = (
				409B941B2ACDFD86004CCF0A /* Img */,
			);
			path = Resources;
			sourceTree = "<group>";
		};
		409B941B2ACDFD86004CCF0A /* Img */ = {
			isa = PBXGroup;
			children = (
				409B94202ACEFF7C004CCF0A /* LaunchScreen.png */,
			);
			path = Img;
			sourceTree = "<group>";
		};
		7FB00981B965E4B36FE534A7 /* Pods */ = {
			isa = PBXGroup;
			children = (
				B041AEFCDC77152EBAFFB845 /* Pods-MatWarrior.debug.xcconfig */,
				6713A2F04621379B458EB0D4 /* Pods-MatWarrior.release.xcconfig */,
			);
			path = Pods;
			sourceTree = "<group>";
		};
		8B7A138671784420E5D798D4 /* Frameworks */ = {
			isa = PBXGroup;
			children = (
			);
			name = Frameworks;
			sourceTree = "<group>";
		};
/* End PBXGroup section */

/* Begin PBXNativeTarget section */
		409B93D42ACBCA03004CCF0A /* MatWarrior */ = {
			isa = PBXNativeTarget;
			buildConfigurationList = 409B93E92ACBCA04004CCF0A /* Build configuration list for PBXNativeTarget "MatWarrior" */;
			buildPhases = (
				E1C0D831731E3AA7EDB7C826 /* [CP] Check Pods Manifest.lock */,
				409B93D12ACBCA03004CCF0A /* Sources */,
				409B93D22ACBCA03004CCF0A /* Frameworks */,
				409B93D32ACBCA03004CCF0A /* Resources */,
				445699C715928781C3E15630 /* [CP] Embed Pods Frameworks */,
			);
			buildRules = (
			);
			dependencies = (
			);
			name = MatWarrior;
			packageProductDependencies = (
			);
			productName = MatWarrior;
			productReference = 409B93D52ACBCA03004CCF0A /* MatWarrior.app */;
			productType = "com.apple.product-type.application";
		};
/* End PBXNativeTarget section */

/* Begin PBXProject section */
		409B93CD2ACBCA03004CCF0A /* Project object */ = {
			isa = PBXProject;
			attributes = {
				BuildIndependentTargetsInParallel = 1;
				LastSwiftUpdateCheck = 1430;
				LastUpgradeCheck = 1430;
				TargetAttributes = {
					409B93D42ACBCA03004CCF0A = {
						CreatedOnToolsVersion = 14.3.1;
					};
				};
			};
			buildConfigurationList = 409B93D02ACBCA03004CCF0A /* Build configuration list for PBXProject "MatWarrior" */;
			compatibilityVersion = "Xcode 14.0";
			developmentRegion = en;
			hasScannedForEncodings = 0;
			knownRegions = (
				en,
				Base,
			);
			mainGroup = 409B93CC2ACBCA03004CCF0A;
			packageReferences = (
				40A981182AD92220003917F8 /* XCRemoteSwiftPackageReference "firebase-ios-sdk" */,
			);
			productRefGroup = 409B93D62ACBCA03004CCF0A /* Products */;
			projectDirPath = "";
			projectRoot = "";
			targets = (
				409B93D42ACBCA03004CCF0A /* MatWarrior */,
			);
		};
/* End PBXProject section */

/* Begin PBXResourcesBuildPhase section */
		409B93D32ACBCA03004CCF0A /* Resources */ = {
			isa = PBXResourcesBuildPhase;
			buildActionMask = 2147483647;
			files = (
				409B94212ACEFF7C004CCF0A /* LaunchScreen.png in Resources */,
				409B93E52ACBCA04004CCF0A /* LaunchScreen.storyboard in Resources */,
				40A981172AD92187003917F8 /* GoogleService-Info.plist in Resources */,
				409B93E22ACBCA04004CCF0A /* Assets.xcassets in Resources */,
				409B93E02ACBCA03004CCF0A /* Main.storyboard in Resources */,
			);
			runOnlyForDeploymentPostprocessing = 0;
		};
/* End PBXResourcesBuildPhase section */

/* Begin PBXShellScriptBuildPhase section */
		445699C715928781C3E15630 /* [CP] Embed Pods Frameworks */ = {
			isa = PBXShellScriptBuildPhase;
			buildActionMask = 2147483647;
			files = (
			);
			inputFileListPaths = (
				"${PODS_ROOT}/Target Support Files/Pods-MatWarrior/Pods-MatWarrior-frameworks-${CONFIGURATION}-input-files.xcfilelist",
			);
			name = "[CP] Embed Pods Frameworks";
			outputFileListPaths = (
				"${PODS_ROOT}/Target Support Files/Pods-MatWarrior/Pods-MatWarrior-frameworks-${CONFIGURATION}-output-files.xcfilelist",
			);
			runOnlyForDeploymentPostprocessing = 0;
			shellPath = /bin/sh;
			shellScript = "\"${PODS_ROOT}/Target Support Files/Pods-MatWarrior/Pods-MatWarrior-frameworks.sh\"\n";
			showEnvVarsInLog = 0;
		};
		E1C0D831731E3AA7EDB7C826 /* [CP] Check Pods Manifest.lock */ = {
			isa = PBXShellScriptBuildPhase;
			buildActionMask = 2147483647;
			files = (
			);
			inputFileListPaths = (
			);
			inputPaths = (
				"${PODS_PODFILE_DIR_PATH}/Podfile.lock",
				"${PODS_ROOT}/Manifest.lock",
			);
			name = "[CP] Check Pods Manifest.lock";
			outputFileListPaths = (
			);
			outputPaths = (
				"$(DERIVED_FILE_DIR)/Pods-MatWarrior-checkManifestLockResult.txt",
			);
			runOnlyForDeploymentPostprocessing = 0;
			shellPath = /bin/sh;
			shellScript = "diff \"${PODS_PODFILE_DIR_PATH}/Podfile.lock\" \"${PODS_ROOT}/Manifest.lock\" > /dev/null\nif [ $? != 0 ] ; then\n    # print error to STDERR\n    echo \"error: The sandbox is not in sync with the Podfile.lock. Run 'pod install' or update your CocoaPods installation.\" >&2\n    exit 1\nfi\n# This output is used by Xcode 'outputs' to avoid re-running this script phase.\necho \"SUCCESS\" > \"${SCRIPT_OUTPUT_FILE_0}\"\n";
			showEnvVarsInLog = 0;
		};
/* End PBXShellScriptBuildPhase section */

/* Begin PBXSourcesBuildPhase section */
		409B93D12ACBCA03004CCF0A /* Sources */ = {
			isa = PBXSourcesBuildPhase;
			buildActionMask = 2147483647;
			files = (
				409B93DD2ACBCA03004CCF0A /* ViewController.swift in Sources */,
				40BB6F382AD98762000C04EE /* TournamentViewController.swift in Sources */,
				409B93F52ACC5A5D004CCF0A /* BottomSheetViewController.swift in Sources */,
				409B93F22ACC4291004CCF0A /* PlaceViewModel.swift in Sources */,
				409B93D92ACBCA03004CCF0A /* AppDelegate.swift in Sources */,
				409B93DB2ACBCA03004CCF0A /* SceneDelegate.swift in Sources */,
				409B93F02ACC424B004CCF0A /* Place.swift in Sources */,
			);
			runOnlyForDeploymentPostprocessing = 0;
		};
/* End PBXSourcesBuildPhase section */

/* Begin PBXVariantGroup section */
		409B93DE2ACBCA03004CCF0A /* Main.storyboard */ = {
			isa = PBXVariantGroup;
			children = (
				409B93DF2ACBCA03004CCF0A /* Base */,
			);
			name = Main.storyboard;
			sourceTree = "<group>";
		};
		409B93E32ACBCA04004CCF0A /* LaunchScreen.storyboard */ = {
			isa = PBXVariantGroup;
			children = (
				409B93E42ACBCA04004CCF0A /* Base */,
			);
			name = LaunchScreen.storyboard;
			sourceTree = "<group>";
		};
/* End PBXVariantGroup section */

/* Begin XCBuildConfiguration section */
		409B93E72ACBCA04004CCF0A /* Debug */ = {
			isa = XCBuildConfiguration;
			buildSettings = {
				ALWAYS_SEARCH_USER_PATHS = NO;
				CLANG_ANALYZER_NONNULL = YES;
				CLANG_ANALYZER_NUMBER_OBJECT_CONVERSION = YES_AGGRESSIVE;
				CLANG_CXX_LANGUAGE_STANDARD = "gnu++20";
				CLANG_ENABLE_MODULES = YES;
				CLANG_ENABLE_OBJC_ARC = YES;
				CLANG_ENABLE_OBJC_WEAK = YES;
				CLANG_WARN_BLOCK_CAPTURE_AUTORELEASING = YES;
				CLANG_WARN_BOOL_CONVERSION = YES;
				CLANG_WARN_COMMA = YES;
				CLANG_WARN_CONSTANT_CONVERSION = YES;
				CLANG_WARN_DEPRECATED_OBJC_IMPLEMENTATIONS = YES;
				CLANG_WARN_DIRECT_OBJC_ISA_USAGE = YES_ERROR;
				CLANG_WARN_DOCUMENTATION_COMMENTS = YES;
				CLANG_WARN_EMPTY_BODY = YES;
				CLANG_WARN_ENUM_CONVERSION = YES;
				CLANG_WARN_INFINITE_RECURSION = YES;
				CLANG_WARN_INT_CONVERSION = YES;
				CLANG_WARN_NON_LITERAL_NULL_CONVERSION = YES;
				CLANG_WARN_OBJC_IMPLICIT_RETAIN_SELF = YES;
				CLANG_WARN_OBJC_LITERAL_CONVERSION = YES;
				CLANG_WARN_OBJC_ROOT_CLASS = YES_ERROR;
				CLANG_WARN_QUOTED_INCLUDE_IN_FRAMEWORK_HEADER = YES;
				CLANG_WARN_RANGE_LOOP_ANALYSIS = YES;
				CLANG_WARN_STRICT_PROTOTYPES = YES;
				CLANG_WARN_SUSPICIOUS_MOVE = YES;
				CLANG_WARN_UNGUARDED_AVAILABILITY = YES_AGGRESSIVE;
				CLANG_WARN_UNREACHABLE_CODE = YES;
				CLANG_WARN__DUPLICATE_METHOD_MATCH = YES;
				COPY_PHASE_STRIP = NO;
				DEBUG_INFORMATION_FORMAT = dwarf;
				ENABLE_STRICT_OBJC_MSGSEND = YES;
				ENABLE_TESTABILITY = YES;
				GCC_C_LANGUAGE_STANDARD = gnu11;
				GCC_DYNAMIC_NO_PIC = NO;
				GCC_NO_COMMON_BLOCKS = YES;
				GCC_OPTIMIZATION_LEVEL = 0;
				GCC_PREPROCESSOR_DEFINITIONS = (
					"DEBUG=1",
					"$(inherited)",
				);
				GCC_WARN_64_TO_32_BIT_CONVERSION = YES;
				GCC_WARN_ABOUT_RETURN_TYPE = YES_ERROR;
				GCC_WARN_UNDECLARED_SELECTOR = YES;
				GCC_WARN_UNINITIALIZED_AUTOS = YES_AGGRESSIVE;
				GCC_WARN_UNUSED_FUNCTION = YES;
				GCC_WARN_UNUSED_VARIABLE = YES;
				IPHONEOS_DEPLOYMENT_TARGET = 16.4;
				MTL_ENABLE_DEBUG_INFO = INCLUDE_SOURCE;
				MTL_FAST_MATH = YES;
				ONLY_ACTIVE_ARCH = YES;
				SDKROOT = iphoneos;
				SWIFT_ACTIVE_COMPILATION_CONDITIONS = DEBUG;
				SWIFT_OPTIMIZATION_LEVEL = "-Onone";
			};
			name = Debug;
		};
		409B93E82ACBCA04004CCF0A /* Release */ = {
			isa = XCBuildConfiguration;
			buildSettings = {
				ALWAYS_SEARCH_USER_PATHS = NO;
				CLANG_ANALYZER_NONNULL = YES;
				CLANG_ANALYZER_NUMBER_OBJECT_CONVERSION = YES_AGGRESSIVE;
				CLANG_CXX_LANGUAGE_STANDARD = "gnu++20";
				CLANG_ENABLE_MODULES = YES;
				CLANG_ENABLE_OBJC_ARC = YES;
				CLANG_ENABLE_OBJC_WEAK = YES;
				CLANG_WARN_BLOCK_CAPTURE_AUTORELEASING = YES;
				CLANG_WARN_BOOL_CONVERSION = YES;
				CLANG_WARN_COMMA = YES;
				CLANG_WARN_CONSTANT_CONVERSION = YES;
				CLANG_WARN_DEPRECATED_OBJC_IMPLEMENTATIONS = YES;
				CLANG_WARN_DIRECT_OBJC_ISA_USAGE = YES_ERROR;
				CLANG_WARN_DOCUMENTATION_COMMENTS = YES;
				CLANG_WARN_EMPTY_BODY = YES;
				CLANG_WARN_ENUM_CONVERSION = YES;
				CLANG_WARN_INFINITE_RECURSION = YES;
				CLANG_WARN_INT_CONVERSION = YES;
				CLANG_WARN_NON_LITERAL_NULL_CONVERSION = YES;
				CLANG_WARN_OBJC_IMPLICIT_RETAIN_SELF = YES;
				CLANG_WARN_OBJC_LITERAL_CONVERSION = YES;
				CLANG_WARN_OBJC_ROOT_CLASS = YES_ERROR;
				CLANG_WARN_QUOTED_INCLUDE_IN_FRAMEWORK_HEADER = YES;
				CLANG_WARN_RANGE_LOOP_ANALYSIS = YES;
				CLANG_WARN_STRICT_PROTOTYPES = YES;
				CLANG_WARN_SUSPICIOUS_MOVE = YES;
				CLANG_WARN_UNGUARDED_AVAILABILITY = YES_AGGRESSIVE;
				CLANG_WARN_UNREACHABLE_CODE = YES;
				CLANG_WARN__DUPLICATE_METHOD_MATCH = YES;
				COPY_PHASE_STRIP = NO;
				DEBUG_INFORMATION_FORMAT = "dwarf-with-dsym";
				ENABLE_NS_ASSERTIONS = NO;
				ENABLE_STRICT_OBJC_MSGSEND = YES;
				GCC_C_LANGUAGE_STANDARD = gnu11;
				GCC_NO_COMMON_BLOCKS = YES;
				GCC_WARN_64_TO_32_BIT_CONVERSION = YES;
				GCC_WARN_ABOUT_RETURN_TYPE = YES_ERROR;
				GCC_WARN_UNDECLARED_SELECTOR = YES;
				GCC_WARN_UNINITIALIZED_AUTOS = YES_AGGRESSIVE;
				GCC_WARN_UNUSED_FUNCTION = YES;
				GCC_WARN_UNUSED_VARIABLE = YES;
				IPHONEOS_DEPLOYMENT_TARGET = 16.4;
				MTL_ENABLE_DEBUG_INFO = NO;
				MTL_FAST_MATH = YES;
				SDKROOT = iphoneos;
				SWIFT_COMPILATION_MODE = wholemodule;
				SWIFT_OPTIMIZATION_LEVEL = "-O";
				VALIDATE_PRODUCT = YES;
			};
			name = Release;
		};
		409B93EA2ACBCA04004CCF0A /* Debug */ = {
			isa = XCBuildConfiguration;
			baseConfigurationReference = B041AEFCDC77152EBAFFB845 /* Pods-MatWarrior.debug.xcconfig */;
			buildSettings = {
				ASSETCATALOG_COMPILER_APPICON_NAME = AppIcon;
				ASSETCATALOG_COMPILER_GLOBAL_ACCENT_COLOR_NAME = AccentColor;
				ASSETCATALOG_COMPILER_INCLUDE_ALL_APPICON_ASSETS = YES;
				CODE_SIGN_STYLE = Automatic;
				CURRENT_PROJECT_VERSION = 1;
				GENERATE_INFOPLIST_FILE = YES;
				INFOPLIST_FILE = MatWarrior/Info.plist;
				INFOPLIST_KEY_UIApplicationSupportsIndirectInputEvents = YES;
				INFOPLIST_KEY_UILaunchStoryboardName = LaunchScreen;
				INFOPLIST_KEY_UIMainStoryboardFile = Main;
				INFOPLIST_KEY_UISupportedInterfaceOrientations_iPad = "UIInterfaceOrientationPortrait UIInterfaceOrientationPortraitUpsideDown UIInterfaceOrientationLandscapeLeft UIInterfaceOrientationLandscapeRight";
				INFOPLIST_KEY_UISupportedInterfaceOrientations_iPhone = "UIInterfaceOrientationPortrait UIInterfaceOrientationLandscapeLeft UIInterfaceOrientationLandscapeRight";
				LD_RUNPATH_SEARCH_PATHS = (
					"$(inherited)",
					"@executable_path/Frameworks",
				);
				MARKETING_VERSION = 1.0;
				PRODUCT_BUNDLE_IDENTIFIER = com.dean.MatWarrior;
				PRODUCT_NAME = "$(TARGET_NAME)";
				SWIFT_EMIT_LOC_STRINGS = YES;
				SWIFT_VERSION = 5.0;
				TARGETED_DEVICE_FAMILY = "1,2";
			};
			name = Debug;
		};
		409B93EB2ACBCA04004CCF0A /* Release */ = {
			isa = XCBuildConfiguration;
			baseConfigurationReference = 6713A2F04621379B458EB0D4 /* Pods-MatWarrior.release.xcconfig */;
			buildSettings = {
				ASSETCATALOG_COMPILER_APPICON_NAME = AppIcon;
				ASSETCATALOG_COMPILER_GLOBAL_ACCENT_COLOR_NAME = AccentColor;
				ASSETCATALOG_COMPILER_INCLUDE_ALL_APPICON_ASSETS = YES;
				CODE_SIGN_STYLE = Automatic;
				CURRENT_PROJECT_VERSION = 1;
				GENERATE_INFOPLIST_FILE = YES;
				INFOPLIST_FILE = MatWarrior/Info.plist;
				INFOPLIST_KEY_UIApplicationSupportsIndirectInputEvents = YES;
				INFOPLIST_KEY_UILaunchStoryboardName = LaunchScreen;
				INFOPLIST_KEY_UIMainStoryboardFile = Main;
				INFOPLIST_KEY_UISupportedInterfaceOrientations_iPad = "UIInterfaceOrientationPortrait UIInterfaceOrientationPortraitUpsideDown UIInterfaceOrientationLandscapeLeft UIInterfaceOrientationLandscapeRight";
				INFOPLIST_KEY_UISupportedInterfaceOrientations_iPhone = "UIInterfaceOrientationPortrait UIInterfaceOrientationLandscapeLeft UIInterfaceOrientationLandscapeRight";
				LD_RUNPATH_SEARCH_PATHS = (
					"$(inherited)",
					"@executable_path/Frameworks",
				);
				MARKETING_VERSION = 1.0;
				PRODUCT_BUNDLE_IDENTIFIER = com.dean.MatWarrior;
				PRODUCT_NAME = "$(TARGET_NAME)";
				SWIFT_EMIT_LOC_STRINGS = YES;
				SWIFT_VERSION = 5.0;
				TARGETED_DEVICE_FAMILY = "1,2";
			};
			name = Release;
		};
/* End XCBuildConfiguration section */

/* Begin XCConfigurationList section */
		409B93D02ACBCA03004CCF0A /* Build configuration list for PBXProject "MatWarrior" */ = {
			isa = XCConfigurationList;
			buildConfigurations = (
				409B93E72ACBCA04004CCF0A /* Debug */,
				409B93E82ACBCA04004CCF0A /* Release */,
			);
			defaultConfigurationIsVisible = 0;
			defaultConfigurationName = Release;
		};
		409B93E92ACBCA04004CCF0A /* Build configuration list for PBXNativeTarget "MatWarrior" */ = {
			isa = XCConfigurationList;
			buildConfigurations = (
				409B93EA2ACBCA04004CCF0A /* Debug */,
				409B93EB2ACBCA04004CCF0A /* Release */,
			);
			defaultConfigurationIsVisible = 0;
			defaultConfigurationName = Release;
		};
/* End XCConfigurationList section */

/* Begin XCRemoteSwiftPackageReference section */
		40A981182AD92220003917F8 /* XCRemoteSwiftPackageReference "firebase-ios-sdk" */ = {
			isa = XCRemoteSwiftPackageReference;
			repositoryURL = "https://github.com/firebase/firebase-ios-sdk";
			requirement = {
				kind = upToNextMajorVersion;
				minimumVersion = 10.0.0;
			};
		};
/* End XCRemoteSwiftPackageReference section */
	};
	rootObject = 409B93CD2ACBCA03004CCF0A /* Project object */;
}
